
Microsoft Visual Studio Solution File, Format Version 12.00
# Visual Studio Version 17
VisualStudioVersion = 17.10.35122.118
MinimumVisualStudioVersion = 10.0.40219.1
Project("{FAE04EC0-301F-11D3-BF4B-00C04F79EFBC}") = "AspNetCore.Identity", "AspNetCore.Identity\AspNetCore.Identity.csproj", "{12974945-25E4-4546-8774-A7BBE1735E4A}"
EndProject
Global
	GlobalSection(SolutionConfigurationPlatforms) = preSolution
		Debug|Any CPU = Debug|Any CPU
		Release|Any CPU = Release|Any CPU
	EndGlobalSection
	GlobalSection(ProjectConfigurationPlatforms) = postSolution
		{12974945-25E4-4546-8774-A7BBE1735E4A}.Debug|Any CPU.ActiveCfg = Debug|Any CPU
		{12974945-25E4-4546-8774-A7BBE1735E4A}.Debug|Any CPU.Build.0 = Debug|Any CPU
		{12974945-25E4-4546-8774-A7BBE1735E4A}.Release|Any CPU.ActiveCfg = Release|Any CPU
		{12974945-25E4-4546-8774-A7BBE1735E4A}.Release|Any CPU.Build.0 = Release|Any CPU
	EndGlobalSection
	GlobalSection(SolutionProperties) = preSolution
		HideSolutionNode = FALSE
	EndGlobalSection
	GlobalSection(ExtensibilityGlobals) = postSolution
		SolutionGuid = {0AB4C2F9-EB8F-4C9F-85E5-90E91CE7D4A9}
	EndGlobalSection
EndGlobal
